# This file is automatically @generated by Cargo.
# It is not intended for manual editing.
version = 3

[[package]]
name = "anyhow"
version = "1.0.68"
source = "registry+https://github.com/rust-lang/crates.io-index"
checksum = "2cb2f989d18dd141ab8ae82f64d1a8cdd37e0840f73a406896cf5e99502fab61"

[[package]]
name = "blueprint-scm"
version = "0.0.1"
dependencies = [
 "anyhow",
 "fxhash",
 "nom",
 "once_cell",
 "quick-error",
 "xflags",
]

[[package]]
name = "byteorder"
version = "1.4.3"
source = "registry+https://github.com/rust-lang/crates.io-index"
checksum = "14c189c53d098945499cdfa7ecc63567cf3886b3332b312a5b4585d8d3a6a610"

[[package]]
name = "fxhash"
version = "0.2.1"
source = "registry+https://github.com/rust-lang/crates.io-index"
checksum = "c31b6d751ae2c7f11320402d34e41349dd1016f8d5d45e48c4312bc8625af50c"
dependencies = [
 "byteorder",
]

[[package]]
name = "memchr"
version = "2.5.0"
source = "registry+https://github.com/rust-lang/crates.io-index"
checksum = "2dffe52ecf27772e601905b7522cb4ef790d2cc203488bbd0e2fe85fcb74566d"

[[package]]
name = "minimal-lexical"
version = "0.2.1"
source = "registry+https://github.com/rust-lang/crates.io-index"
checksum = "68354c5c6bd36d73ff3feceb05efa59b6acb7626617f4962be322a825e61f79a"

[[package]]
name = "nom"
version = "7.1.2"
source = "registry+https://github.com/rust-lang/crates.io-index"
checksum = "e5507769c4919c998e69e49c839d9dc6e693ede4cc4290d6ad8b41d4f09c548c"
dependencies = [
 "memchr",
 "minimal-lexical",
]

[[package]]
name = "once_cell"
version = "1.17.0"
source = "registry+https://github.com/rust-lang/crates.io-index"
checksum = "6f61fba1741ea2b3d6a1e3178721804bb716a68a6aeba1149b5d52e3d464ea66"

[[package]]
name = "quick-error"
version = "2.0.1"
source = "registry+https://github.com/rust-lang/crates.io-index"
checksum = "a993555f31e5a609f617c12db6250dedcac1b0a85076912c436e6fc9b2c8e6a3"

[[package]]
name = "xflags"
version = "0.3.1"
source = "registry+https://github.com/rust-lang/crates.io-index"
checksum = "c4554b580522d0ca238369c16b8f6ce34524d61dafe7244993754bbd05f2c2ea"
dependencies = [
 "xflags-macros",
]

[[package]]
name = "xflags-macros"
version = "0.3.1"
source = "registry+https://github.com/rust-lang/crates.io-index"
checksum = "f58e7b3ca8977093aae6b87b6a7730216fc4c53a6530bab5c43a783cd810c1a8"
